<Solution>
  <Folder Name="/src/">
    <Project Path="src/LicenseGenerator/LicenseGenerator.csproj" />
    <Project Path="src/LicenseServer/LicenseServer.csproj" />
    <Project Path="src/LicenseValidator/LicenseValidator.csproj" />
    <Project Path="src/Licensing.Core/Licensing.Core.csproj" />
  </Folder>
  <Folder Name="/tests/">
    <Project Path="tests/LicenseServer.Tests/LicenseServer.Tests.csproj" />
  </Folder>
</Solution>
